
Microsoft Visual Studio Solution File, Format Version 12.00
# Visual Studio Version 17
VisualStudioVersion = 17.6.33829.357
MinimumVisualStudioVersion = 10.0.40219.1
Project("{9A19103F-16F7-4668-BE54-9A1E7A4F7556}") = "Lectia1", "Lectia1\Lectia1.csproj", "{110351D0-DAC2-4521-BC19-E7F57B9A14AA}"
EndProject
Project("{9A19103F-16F7-4668-BE54-9A1E7A4F7556}") = "Client", "Client\Client.csproj", "{53C2F197-70AC-4FAD-A216-39E2BA2583B6}"
EndProject
Project("{2150E333-8FDC-42A3-9474-1A3956D46DE8}") = "Homework", "Homework", "{5F0EB32A-9F00-4BEF-8965-5B72E9B0E414}"
	ProjectSection(SolutionItems) = preProject
		PasswordManager.md = PasswordManager.md
		Timetable.md = Timetable.md
	EndProjectSection
EndProject
Project("{2150E333-8FDC-42A3-9474-1A3956D46DE8}") = "Lesson1", "Lesson1", "{193EF70B-190C-4E8E-8541-C7A73EFCE352}"
	ProjectSection(SolutionItems) = preProject
		Lectia1\Homework\PasswordManager_Task1.md = Lectia1\Homework\PasswordManager_Task1.md
		Lectia1\Homework\Timetable_Task1.md = Lectia1\Homework\Timetable_Task1.md
	EndProjectSection
EndProject
Project("{2150E333-8FDC-42A3-9474-1A3956D46DE8}") = "Lesson2", "Lesson2", "{EEAB09B8-9AD1-4217-9C03-BA7FB4F4046F}"
	ProjectSection(SolutionItems) = preProject
		Timetable_Task2.md = Timetable_Task2.md
	EndProjectSection
EndProject
Project("{9A19103F-16F7-4668-BE54-9A1E7A4F7556}") = "Lectia2", "Lectia2\Lectia2.csproj", "{DB4D0DA5-2AF8-4951-AACE-B16DEF71F616}"
EndProject
Project("{2150E333-8FDC-42A3-9474-1A3956D46DE8}") = "GitCheatsheet", "GitCheatsheet", "{3E9A283F-C37D-4579-837E-373FD51A00B2}"
	ProjectSection(SolutionItems) = preProject
		GitCheatsheet.md = GitCheatsheet.md
	EndProjectSection
EndProject
Project("{2150E333-8FDC-42A3-9474-1A3956D46DE8}") = "Homework1", "Homework1", "{7F7BF13C-A527-4D35-8E76-94A8B21533FF}"
EndProject
Project("{9A19103F-16F7-4668-BE54-9A1E7A4F7556}") = "Fatty", "Fatty\Fatty.csproj", "{8E11DA06-C1CF-43AA-9476-19B2BD188655}"
EndProject
Project("{2150E333-8FDC-42A3-9474-1A3956D46DE8}") = "Lesson3", "Lesson3", "{4449F73C-07DE-469A-A1BF-EFC86DCD0F58}"
EndProject
Project("{9A19103F-16F7-4668-BE54-9A1E7A4F7556}") = "Lectia3", "Lectia3\Lectia3.csproj", "{9C795889-2242-4A44-9F84-0FB53B0A8840}"
EndProject
Global
	GlobalSection(SolutionConfigurationPlatforms) = preSolution
		Debug|Any CPU = Debug|Any CPU
		Release|Any CPU = Release|Any CPU
	EndGlobalSection
	GlobalSection(ProjectConfigurationPlatforms) = postSolution
		{110351D0-DAC2-4521-BC19-E7F57B9A14AA}.Debug|Any CPU.ActiveCfg = Debug|Any CPU
		{110351D0-DAC2-4521-BC19-E7F57B9A14AA}.Debug|Any CPU.Build.0 = Debug|Any CPU
		{110351D0-DAC2-4521-BC19-E7F57B9A14AA}.Release|Any CPU.ActiveCfg = Release|Any CPU
		{110351D0-DAC2-4521-BC19-E7F57B9A14AA}.Release|Any CPU.Build.0 = Release|Any CPU
		{53C2F197-70AC-4FAD-A216-39E2BA2583B6}.Debug|Any CPU.ActiveCfg = Debug|Any CPU
		{53C2F197-70AC-4FAD-A216-39E2BA2583B6}.Debug|Any CPU.Build.0 = Debug|Any CPU
		{53C2F197-70AC-4FAD-A216-39E2BA2583B6}.Release|Any CPU.ActiveCfg = Release|Any CPU
		{53C2F197-70AC-4FAD-A216-39E2BA2583B6}.Release|Any CPU.Build.0 = Release|Any CPU
		{DB4D0DA5-2AF8-4951-AACE-B16DEF71F616}.Debug|Any CPU.ActiveCfg = Debug|Any CPU
		{DB4D0DA5-2AF8-4951-AACE-B16DEF71F616}.Debug|Any CPU.Build.0 = Debug|Any CPU
		{DB4D0DA5-2AF8-4951-AACE-B16DEF71F616}.Release|Any CPU.ActiveCfg = Release|Any CPU
		{DB4D0DA5-2AF8-4951-AACE-B16DEF71F616}.Release|Any CPU.Build.0 = Release|Any CPU
		{8E11DA06-C1CF-43AA-9476-19B2BD188655}.Debug|Any CPU.ActiveCfg = Debug|Any CPU
		{8E11DA06-C1CF-43AA-9476-19B2BD188655}.Debug|Any CPU.Build.0 = Debug|Any CPU
		{8E11DA06-C1CF-43AA-9476-19B2BD188655}.Release|Any CPU.ActiveCfg = Release|Any CPU
		{8E11DA06-C1CF-43AA-9476-19B2BD188655}.Release|Any CPU.Build.0 = Release|Any CPU
		{9C795889-2242-4A44-9F84-0FB53B0A8840}.Debug|Any CPU.ActiveCfg = Debug|Any CPU
		{9C795889-2242-4A44-9F84-0FB53B0A8840}.Debug|Any CPU.Build.0 = Debug|Any CPU
		{9C795889-2242-4A44-9F84-0FB53B0A8840}.Release|Any CPU.ActiveCfg = Release|Any CPU
		{9C795889-2242-4A44-9F84-0FB53B0A8840}.Release|Any CPU.Build.0 = Release|Any CPU
	EndGlobalSection
	GlobalSection(SolutionProperties) = preSolution
		HideSolutionNode = FALSE
	EndGlobalSection
	GlobalSection(NestedProjects) = preSolution
		{110351D0-DAC2-4521-BC19-E7F57B9A14AA} = {193EF70B-190C-4E8E-8541-C7A73EFCE352}
		{53C2F197-70AC-4FAD-A216-39E2BA2583B6} = {193EF70B-190C-4E8E-8541-C7A73EFCE352}
		{DB4D0DA5-2AF8-4951-AACE-B16DEF71F616} = {EEAB09B8-9AD1-4217-9C03-BA7FB4F4046F}
		{8E11DA06-C1CF-43AA-9476-19B2BD188655} = {7F7BF13C-A527-4D35-8E76-94A8B21533FF}
		{9C795889-2242-4A44-9F84-0FB53B0A8840} = {4449F73C-07DE-469A-A1BF-EFC86DCD0F58}
	EndGlobalSection
	GlobalSection(ExtensibilityGlobals) = postSolution
		SolutionGuid = {AF036E13-2577-4F36-BC75-1513C7D13C77}
	EndGlobalSection
EndGlobal
